
Microsoft Visual Studio Solution File, Format Version 12.00
# Visual Studio Version 17
VisualStudioVersion = 17.5.33424.131
MinimumVisualStudioVersion = 10.0.40219.1
Project("{FAE04EC0-301F-11D3-BF4B-00C04F79EFBC}") = "Mission14", "Mission14.csproj", "{99B272A2-E807-4554-9EF9-883505628B89}"
EndProject
Global
	GlobalSection(SolutionConfigurationPlatforms) = preSolution
		Debug|Any CPU = Debug|Any CPU
		Release|Any CPU = Release|Any CPU
	EndGlobalSection
	GlobalSection(ProjectConfigurationPlatforms) = postSolution
		{99B272A2-E807-4554-9EF9-883505628B89}.Debug|Any CPU.ActiveCfg = Debug|Any CPU
		{99B272A2-E807-4554-9EF9-883505628B89}.Debug|Any CPU.Build.0 = Debug|Any CPU
		{99B272A2-E807-4554-9EF9-883505628B89}.Release|Any CPU.ActiveCfg = Release|Any CPU
		{99B272A2-E807-4554-9EF9-883505628B89}.Release|Any CPU.Build.0 = Release|Any CPU
	EndGlobalSection
	GlobalSection(SolutionProperties) = preSolution
		HideSolutionNode = FALSE
	EndGlobalSection
	GlobalSection(ExtensibilityGlobals) = postSolution
		SolutionGuid = {27725DA8-AE72-4DA0-A12D-0B22ECCE8C3C}
	EndGlobalSection
EndGlobal
